
Microsoft Visual Studio Solution File, Format Version 11.00
# Visual Studio 2010
Project("{FAE04EC0-301F-11D3-BF4B-00C04F79EFBC}") = "ActiveGrid.Samples.Portfolio", "ActiveGrid.Samples.Portfolio\ActiveGrid.Samples.Portfolio.csproj", "{DC423E22-5D02-41B3-BD55-EC0F5C8BD5D1}"
EndProject
Project("{FAE04EC0-301F-11D3-BF4B-00C04F79EFBC}") = "ActiveGrid.Samples.Portfolio.PricingService", "ActiveGrid.Samples.Portfolio.PricingService\ActiveGrid.Samples.Portfolio.PricingService.csproj", "{706BB349-66EC-4A59-A625-492F84DE1A03}"
EndProject
Project("{FAE04EC0-301F-11D3-BF4B-00C04F79EFBC}") = "ActiveGrid", "..\ActiveGrid\ActiveGrid.csproj", "{3AB69CA0-C4A4-4E60-8B57-AF08D41382F2}"
EndProject
Global
	GlobalSection(SolutionConfigurationPlatforms) = preSolution
		Debug|Any CPU = Debug|Any CPU
		Debug|Mixed Platforms = Debug|Mixed Platforms
		Debug|x86 = Debug|x86
		Release|Any CPU = Release|Any CPU
		Release|Mixed Platforms = Release|Mixed Platforms
		Release|x86 = Release|x86
	EndGlobalSection
	GlobalSection(ProjectConfigurationPlatforms) = postSolution
		{DC423E22-5D02-41B3-BD55-EC0F5C8BD5D1}.Debug|Any CPU.ActiveCfg = Debug|Any CPU
		{DC423E22-5D02-41B3-BD55-EC0F5C8BD5D1}.Debug|Any CPU.Build.0 = Debug|Any CPU
		{DC423E22-5D02-41B3-BD55-EC0F5C8BD5D1}.Debug|Mixed Platforms.ActiveCfg = Debug|Any CPU
		{DC423E22-5D02-41B3-BD55-EC0F5C8BD5D1}.Debug|Mixed Platforms.Build.0 = Debug|Any CPU
		{DC423E22-5D02-41B3-BD55-EC0F5C8BD5D1}.Debug|x86.ActiveCfg = Debug|Any CPU
		{DC423E22-5D02-41B3-BD55-EC0F5C8BD5D1}.Release|Any CPU.ActiveCfg = Release|Any CPU
		{DC423E22-5D02-41B3-BD55-EC0F5C8BD5D1}.Release|Any CPU.Build.0 = Release|Any CPU
		{DC423E22-5D02-41B3-BD55-EC0F5C8BD5D1}.Release|Mixed Platforms.ActiveCfg = Release|Any CPU
		{DC423E22-5D02-41B3-BD55-EC0F5C8BD5D1}.Release|Mixed Platforms.Build.0 = Release|Any CPU
		{DC423E22-5D02-41B3-BD55-EC0F5C8BD5D1}.Release|x86.ActiveCfg = Release|Any CPU
		{706BB349-66EC-4A59-A625-492F84DE1A03}.Debug|Any CPU.ActiveCfg = Debug|x86
		{706BB349-66EC-4A59-A625-492F84DE1A03}.Debug|Mixed Platforms.ActiveCfg = Debug|x86
		{706BB349-66EC-4A59-A625-492F84DE1A03}.Debug|Mixed Platforms.Build.0 = Debug|x86
		{706BB349-66EC-4A59-A625-492F84DE1A03}.Debug|x86.ActiveCfg = Debug|x86
		{706BB349-66EC-4A59-A625-492F84DE1A03}.Debug|x86.Build.0 = Debug|x86
		{706BB349-66EC-4A59-A625-492F84DE1A03}.Release|Any CPU.ActiveCfg = Release|x86
		{706BB349-66EC-4A59-A625-492F84DE1A03}.Release|Mixed Platforms.ActiveCfg = Release|x86
		{706BB349-66EC-4A59-A625-492F84DE1A03}.Release|Mixed Platforms.Build.0 = Release|x86
		{706BB349-66EC-4A59-A625-492F84DE1A03}.Release|x86.ActiveCfg = Release|x86
		{706BB349-66EC-4A59-A625-492F84DE1A03}.Release|x86.Build.0 = Release|x86
		{3AB69CA0-C4A4-4E60-8B57-AF08D41382F2}.Debug|Any CPU.ActiveCfg = Debug|Any CPU
		{3AB69CA0-C4A4-4E60-8B57-AF08D41382F2}.Debug|Any CPU.Build.0 = Debug|Any CPU
		{3AB69CA0-C4A4-4E60-8B57-AF08D41382F2}.Debug|Mixed Platforms.ActiveCfg = Debug|Any CPU
		{3AB69CA0-C4A4-4E60-8B57-AF08D41382F2}.Debug|Mixed Platforms.Build.0 = Debug|Any CPU
		{3AB69CA0-C4A4-4E60-8B57-AF08D41382F2}.Debug|x86.ActiveCfg = Debug|Any CPU
		{3AB69CA0-C4A4-4E60-8B57-AF08D41382F2}.Release|Any CPU.ActiveCfg = Release|Any CPU
		{3AB69CA0-C4A4-4E60-8B57-AF08D41382F2}.Release|Any CPU.Build.0 = Release|Any CPU
		{3AB69CA0-C4A4-4E60-8B57-AF08D41382F2}.Release|Mixed Platforms.ActiveCfg = Release|Any CPU
		{3AB69CA0-C4A4-4E60-8B57-AF08D41382F2}.Release|Mixed Platforms.Build.0 = Release|Any CPU
		{3AB69CA0-C4A4-4E60-8B57-AF08D41382F2}.Release|x86.ActiveCfg = Release|Any CPU
	EndGlobalSection
	GlobalSection(SolutionProperties) = preSolution
		HideSolutionNode = FALSE
	EndGlobalSection
EndGlobal
